<?xml version="1.0" encoding="utf-8"?>
<Project ToolsVersion="4.0" xmlns="http://schemas.microsoft.com/developer/msbuild/2003">
  <ItemGroup>
    <Filter Include="Source Files">
      <UniqueIdentifier>{4FC737F1-C7A5-4376-A066-2A32D752A2FF}</UniqueIdentifier>
      <Extensions>cpp;c;cc;cxx;def;odl;idl;hpj;bat;asm;asmx</Extensions>
    </Filter>
    <Filter Include="Header Files">
      <UniqueIdentifier>{93995380-89BD-4b04-88EB-625FBE52EBFB}</UniqueIdentifier>
      <Extensions>h;hh;hpp;hxx;hm;inl;inc;xsd</Extensions>
    </Filter>
    <Filter Include="Resource Files">
      <UniqueIdentifier>{67DA6AB6-F800-4c08-8B7A-83BB121AAD01}</UniqueIdentifier>
      <Extensions>rc;ico;cur;bmp;dlg;rc2;rct;bin;rgs;gif;jpg;jpeg;jpe;resx;tiff;tif;png;wav;mfcribbon-ms</Extensions>
    </Filter>
    <Filter Include="Shaders">
      <UniqueIdentifier>{8b6c92a8-f65d-451e-80e3-d65773602b92}</UniqueIdentifier>
    </Filter>
    <Filter Include="characters">
      <UniqueIdentifier>{1f76d993-39ac-49eb-945d-ae0ce858ccc7}</UniqueIdentifier>
    </Filter>
    <Filter Include="sprites">
      <UniqueIdentifier>{242ee445-8a1c-4d45-80f0-7aeb7b0041b6}</UniqueIdentifier>
    </Filter>
    <Filter Include="sprites\characters">
      <UniqueIdentifier>{dd26cf72-0ecd-4a52-a8eb-7f431d56c6ba}</UniqueIdentifier>
    </Filter>
    <Filter Include="sprites\lightsaberColor">
      <UniqueIdentifier>{c9c3fdaf-17ab-481d-ae3f-58c40ce431d8}</UniqueIdentifier>
    </Filter>
    <Filter Include="sprites\projectile">
      <UniqueIdentifier>{7980f635-2003-4b20-b104-04d1a6310c6b}</UniqueIdentifier>
    </Filter>
  </ItemGroup>
  <ItemGroup>
    <ClInclude Include="ChiliWin.h">
      <Filter>Header Files</Filter>
    </ClInclude>
    <ClInclude Include="Colors.h">
      <Filter>Header Files</Filter>
    </ClInclude>
    <ClInclude Include="DXErr.h">
      <Filter>Header Files</Filter>
    </ClInclude>
    <ClInclude Include="Game.h">
      <Filter>Header Files</Filter>
    </ClInclude>
    <ClInclude Include="Graphics.h">
      <Filter>Header Files</Filter>
    </ClInclude>
    <ClInclude Include="Keyboard.h">
      <Filter>Header Files</Filter>
    </ClInclude>
    <ClInclude Include="MainWindow.h">
      <Filter>Header Files</Filter>
    </ClInclude>
    <ClInclude Include="Mouse.h">
      <Filter>Header Files</Filter>
    </ClInclude>
    <ClInclude Include="ChiliException.h">
      <Filter>Header Files</Filter>
    </ClInclude>
    <ClInclude Include="Resource.h">
      <Filter>Header Files</Filter>
    </ClInclude>
    <ClInclude Include="Sound.h">
      <Filter>Header Files</Filter>
    </ClInclude>
    <ClInclude Include="Stars.h">
      <Filter>Header Files</Filter>
    </ClInclude>
    <ClInclude Include="Vec2.h">
      <Filter>Header Files</Filter>
    </ClInclude>
    <ClInclude Include="Laser.h">
      <Filter>Header Files</Filter>
    </ClInclude>
    <ClInclude Include="Direction.h">
      <Filter>Header Files</Filter>
    </ClInclude>
    <ClInclude Include="RectF.h">
      <Filter>Header Files</Filter>
    </ClInclude>
    <ClInclude Include="Background.h">
      <Filter>Header Files</Filter>
    </ClInclude>
    <ClInclude Include="Meter.h">
      <Filter>Header Files</Filter>
    </ClInclude>
    <ClInclude Include="Player2.h">
      <Filter>characters</Filter>
    </ClInclude>
    <ClInclude Include="Player1.h">
      <Filter>characters</Filter>
    </ClInclude>
    <ClInclude Include="P2lightsaber.h">
      <Filter>characters</Filter>
    </ClInclude>
    <ClInclude Include="P1lightsaber.h">
      <Filter>characters</Filter>
    </ClInclude>
    <ClInclude Include="LightsaberColor.h">
      <Filter>characters</Filter>
    </ClInclude>
    <ClInclude Include="LightsaberColor2.h">
      <Filter>characters</Filter>
    </ClInclude>
    <ClInclude Include="HeadSelect1.h">
      <Filter>Header Files</Filter>
    </ClInclude>
    <ClInclude Include="HeadSelect2.h">
      <Filter>Header Files</Filter>
    </ClInclude>
  </ItemGroup>
  <ItemGroup>
    <ClCompile Include="DXErr.cpp">
      <Filter>Source Files</Filter>
    </ClCompile>
    <ClCompile Include="Game.cpp">
      <Filter>Source Files</Filter>
    </ClCompile>
    <ClCompile Include="Graphics.cpp">
      <Filter>Source Files</Filter>
    </ClCompile>
    <ClCompile Include="Keyboard.cpp">
      <Filter>Source Files</Filter>
    </ClCompile>
    <ClCompile Include="Main.cpp">
      <Filter>Source Files</Filter>
    </ClCompile>
    <ClCompile Include="MainWindow.cpp">
      <Filter>Source Files</Filter>
    </ClCompile>
    <ClCompile Include="Mouse.cpp">
      <Filter>Source Files</Filter>
    </ClCompile>
    <ClCompile Include="Sound.cpp">
      <Filter>Source Files</Filter>
    </ClCompile>
    <ClCompile Include="Stars.cpp">
      <Filter>Source Files</Filter>
    </ClCompile>
    <ClCompile Include="Vec2.cpp">
      <Filter>Source Files</Filter>
    </ClCompile>
    <ClCompile Include="RectF.cpp">
      <Filter>Source Files</Filter>
    </ClCompile>
    <ClCompile Include="Background.cpp">
      <Filter>Source Files</Filter>
    </ClCompile>
    <ClCompile Include="P1lightsaber.cpp">
      <Filter>Source Files</Filter>
    </ClCompile>
    <ClCompile Include="Laser.cpp">
      <Filter>Source Files</Filter>
    </ClCompile>
    <ClCompile Include="P2lightsaber.cpp">
      <Filter>Source Files</Filter>
    </ClCompile>
    <ClCompile Include="Player1.cpp">
      <Filter>Source Files</Filter>
    </ClCompile>
    <ClCompile Include="Player2.cpp">
      <Filter>Source Files</Filter>
    </ClCompile>
  </ItemGroup>
  <ItemGroup>
    <FxCompile Include="FramebufferPS.hlsl">
      <Filter>Shaders</Filter>
    </FxCompile>
    <FxCompile Include="FramebufferVS.hlsl">
      <Filter>Shaders</Filter>
    </FxCompile>
  </ItemGroup>
  <ItemGroup>
    <ResourceCompile Include="Resource.rc">
      <Filter>Resource Files</Filter>
    </ResourceCompile>
  </ItemGroup>
  <ItemGroup>
    <Image Include="Chili.ico">
      <Filter>Resource Files</Filter>
    </Image>
    <Image Include="..\..\ascii art\game stuff\player 1\character\leia1head.png">
      <Filter>sprites\characters</Filter>
    </Image>
    <Image Include="..\..\ascii art\game stuff\player 1\character\luke1head.png">
      <Filter>sprites\characters</Filter>
    </Image>
    <Image Include="..\..\ascii art\game stuff\player 1\character\marajade1head.png">
      <Filter>sprites\characters</Filter>
    </Image>
    <Image Include="..\..\ascii art\game stuff\player 1\character\obiwan1head.png">
      <Filter>sprites\characters</Filter>
    </Image>
    <Image Include="..\..\ascii art\game stuff\player 1\character\rey1head.png">
      <Filter>sprites\characters</Filter>
    </Image>
    <Image Include="..\..\ascii art\game stuff\player 1\character\robe1.png">
      <Filter>sprites\characters</Filter>
    </Image>
    <Image Include="..\..\ascii art\game stuff\player 1\character\robe1falling.png">
      <Filter>sprites\characters</Filter>
    </Image>
    <Image Include="..\..\ascii art\game stuff\player 1\character\robe1fell.png">
      <Filter>sprites\characters</Filter>
    </Image>
    <Image Include="..\..\ascii art\game stuff\player 1\character\ahsoka1head.png">
      <Filter>sprites\characters</Filter>
    </Image>
    <Image Include="..\..\ascii art\game stuff\player 1\character\anakin1head.png">
      <Filter>sprites\characters</Filter>
    </Image>
    <Image Include="..\..\ascii art\game stuff\player 1\character\emperor1head.png">
      <Filter>sprites\characters</Filter>
    </Image>
    <Image Include="..\..\ascii art\game stuff\player 1\lightsaber\down1white.png">
      <Filter>sprites\lightsaberColor</Filter>
    </Image>
    <Image Include="..\..\ascii art\game stuff\player 1\lightsaber\up1blue.png">
      <Filter>sprites\lightsaberColor</Filter>
    </Image>
    <Image Include="..\..\ascii art\game stuff\player 1\lightsaber\up1green.png">
      <Filter>sprites\lightsaberColor</Filter>
    </Image>
    <Image Include="..\..\ascii art\game stuff\player 1\lightsaber\up1purple.png">
      <Filter>sprites\lightsaberColor</Filter>
    </Image>
    <Image Include="..\..\ascii art\game stuff\player 1\lightsaber\up1red.png">
      <Filter>sprites\lightsaberColor</Filter>
    </Image>
    <Image Include="..\..\ascii art\game stuff\player 1\lightsaber\up1white.png">
      <Filter>sprites\lightsaberColor</Filter>
    </Image>
    <Image Include="..\..\ascii art\game stuff\player 1\lightsaber\down1blue.png">
      <Filter>sprites\lightsaberColor</Filter>
    </Image>
    <Image Include="..\..\ascii art\game stuff\player 1\lightsaber\down1green.png">
      <Filter>sprites\lightsaberColor</Filter>
    </Image>
    <Image Include="..\..\ascii art\game stuff\player 1\lightsaber\down1purple.png">
      <Filter>sprites\lightsaberColor</Filter>
    </Image>
    <Image Include="..\..\ascii art\game stuff\player 1\lightsaber\down1red.png">
      <Filter>sprites\lightsaberColor</Filter>
    </Image>
    <Image Include="..\..\ascii art\game stuff\projectile\mainbolt.png">
      <Filter>sprites\projectile</Filter>
    </Image>
    <Image Include="..\..\ascii art\game stuff\projectile\projectileleft art.png">
      <Filter>sprites\projectile</Filter>
    </Image>
    <Image Include="..\..\ascii art\game stuff\projectile\projectileright art.png">
      <Filter>sprites\projectile</Filter>
    </Image>
    <Image Include="..\..\ascii art\game stuff\projectile\sparksbottom art.png">
      <Filter>sprites\projectile</Filter>
    </Image>
    <Image Include="..\..\ascii art\game stuff\projectile\sparksleft art.png">
      <Filter>sprites\projectile</Filter>
    </Image>
    <Image Include="..\..\ascii art\game stuff\projectile\sparksright art.png">
      <Filter>sprites\projectile</Filter>
    </Image>
    <Image Include="..\..\ascii art\game stuff\projectile\sparkstop art.png">
      <Filter>sprites\projectile</Filter>
    </Image>
    <Image Include="..\..\ascii art\game stuff\projectile\training remote art.png">
      <Filter>sprites\projectile</Filter>
    </Image>
    <Image Include="..\..\ascii art\game stuff\player 2\character\leia1head.png">
      <Filter>sprites\characters</Filter>
    </Image>
    <Image Include="..\..\ascii art\game stuff\player 2\character\luke1head.png">
      <Filter>sprites\characters</Filter>
    </Image>
    <Image Include="..\..\ascii art\game stuff\player 2\character\marajade1head.png">
      <Filter>sprites\characters</Filter>
    </Image>
    <Image Include="..\..\ascii art\game stuff\player 2\character\obiwan1head.png">
      <Filter>sprites\characters</Filter>
    </Image>
    <Image Include="..\..\ascii art\game stuff\player 2\character\rey1head.png">
      <Filter>sprites\characters</Filter>
    </Image>
    <Image Include="..\..\ascii art\game stuff\player 2\character\robe1.png">
      <Filter>sprites\characters</Filter>
    </Image>
    <Image Include="..\..\ascii art\game stuff\player 2\character\robe1falling.png">
      <Filter>sprites\characters</Filter>
    </Image>
    <Image Include="..\..\ascii art\game stuff\player 2\character\robe1fell.png">
      <Filter>sprites\characters</Filter>
    </Image>
    <Image Include="..\..\ascii art\game stuff\player 2\character\ahsoka1head.png">
      <Filter>sprites\characters</Filter>
    </Image>
    <Image Include="..\..\ascii art\game stuff\player 2\character\anakin1head.png">
      <Filter>sprites\characters</Filter>
    </Image>
    <Image Include="..\..\ascii art\game stuff\player 2\character\emperor1head.png">
      <Filter>sprites\characters</Filter>
    </Image>
    <Image Include="..\..\ascii art\game stuff\player 2\lightsaber\up1green.png">
      <Filter>sprites\lightsaberColor</Filter>
    </Image>
    <Image Include="..\..\ascii art\game stuff\player 2\lightsaber\up1purple.png">
      <Filter>sprites\lightsaberColor</Filter>
    </Image>
    <Image Include="..\..\ascii art\game stuff\player 2\lightsaber\up1red.png">
      <Filter>sprites\lightsaberColor</Filter>
    </Image>
    <Image Include="..\..\ascii art\game stuff\player 2\lightsaber\up1white.png">
      <Filter>sprites\lightsaberColor</Filter>
    </Image>
    <Image Include="..\..\ascii art\game stuff\player 2\lightsaber\down1blue.png">
      <Filter>sprites\lightsaberColor</Filter>
    </Image>
    <Image Include="..\..\ascii art\game stuff\player 2\lightsaber\down1green.png">
      <Filter>sprites\lightsaberColor</Filter>
    </Image>
    <Image Include="..\..\ascii art\game stuff\player 2\lightsaber\down1purple.png">
      <Filter>sprites\lightsaberColor</Filter>
    </Image>
    <Image Include="..\..\ascii art\game stuff\player 2\lightsaber\down1red.png">
      <Filter>sprites\lightsaberColor</Filter>
    </Image>
    <Image Include="..\..\ascii art\game stuff\player 2\lightsaber\down1white.png">
      <Filter>sprites\lightsaberColor</Filter>
    </Image>
    <Image Include="..\..\ascii art\game stuff\player 2\lightsaber\up1blue.png">
      <Filter>sprites\lightsaberColor</Filter>
    </Image>
  </ItemGroup>
</Project>